// !$*UTF8*$!
{
	archiveVersion = 1;
	classes = {
	};
	objectVersion = 56;
	objects = {

/* Begin PBXBuildFile section */
		325E6D552BEDE7D200606547 /* AppDelegate.swift in Sources */ = {isa = PBXBuildFile; fileRef = 325E6D542BEDE7D200606547 /* AppDelegate.swift */; };
		325E6D572BEDE7D200606547 /* SceneDelegate.swift in Sources */ = {isa = PBXBuildFile; fileRef = 325E6D562BEDE7D200606547 /* SceneDelegate.swift */; };
		325E6D5C2BEDE7D200606547 /* Main.storyboard in Resources */ = {isa = PBXBuildFile; fileRef = 325E6D5A2BEDE7D200606547 /* Main.storyboard */; };
		325E6D5E2BEDE7D700606547 /* Assets.xcassets in Resources */ = {isa = PBXBuildFile; fileRef = 325E6D5D2BEDE7D700606547 /* Assets.xcassets */; };
		325E6D612BEDE7D700606547 /* LaunchScreen.storyboard in Resources */ = {isa = PBXBuildFile; fileRef = 325E6D5F2BEDE7D700606547 /* LaunchScreen.storyboard */; };
		325E6D6C2BEDEA0100606547 /* FirebaseAuth in Frameworks */ = {isa = PBXBuildFile; productRef = 325E6D6B2BEDEA0100606547 /* FirebaseAuth */; };
		325E6D6E2BEDEA0100606547 /* FirebaseDatabase in Frameworks */ = {isa = PBXBuildFile; productRef = 325E6D6D2BEDEA0100606547 /* FirebaseDatabase */; };
		325E6D702BEDEA0100606547 /* FirebaseStorage in Frameworks */ = {isa = PBXBuildFile; productRef = 325E6D6F2BEDEA0100606547 /* FirebaseStorage */; };
		325E6D752BEDEF4B00606547 /* DBModel.swift in Sources */ = {isa = PBXBuildFile; fileRef = 325E6D742BEDEF4B00606547 /* DBModel.swift */; };
		325E6D772BEDEF6100606547 /* AddViewController.swift in Sources */ = {isa = PBXBuildFile; fileRef = 325E6D762BEDEF6100606547 /* AddViewController.swift */; };
		325E6D792BEDEF7700606547 /* DetailViewController.swift in Sources */ = {isa = PBXBuildFile; fileRef = 325E6D782BEDEF7700606547 /* DetailViewController.swift */; };
		325E6D7B2BEDEF9A00606547 /* TableViewController.swift in Sources */ = {isa = PBXBuildFile; fileRef = 325E6D7A2BEDEF9A00606547 /* TableViewController.swift */; };
		325E6D7D2BEDEFA500606547 /* TableViewCell.swift in Sources */ = {isa = PBXBuildFile; fileRef = 325E6D7C2BEDEFA500606547 /* TableViewCell.swift */; };
		325E6D7F2BEDEFBD00606547 /* QueryModel.swift in Sources */ = {isa = PBXBuildFile; fileRef = 325E6D7E2BEDEFBD00606547 /* QueryModel.swift */; };
/* End PBXBuildFile section */

/* Begin PBXFileReference section */
		325E6D512BEDE7D200606547 /* FirebaseImage.app */ = {isa = PBXFileReference; explicitFileType = wrapper.application; includeInIndex = 0; path = FirebaseImage.app; sourceTree = BUILT_PRODUCTS_DIR; };
		325E6D542BEDE7D200606547 /* AppDelegate.swift */ = {isa = PBXFileReference; lastKnownFileType = sourcecode.swift; path = AppDelegate.swift; sourceTree = "<group>"; };
		325E6D562BEDE7D200606547 /* SceneDelegate.swift */ = {isa = PBXFileReference; lastKnownFileType = sourcecode.swift; path = SceneDelegate.swift; sourceTree = "<group>"; };
		325E6D5B2BEDE7D200606547 /* Base */ = {isa = PBXFileReference; lastKnownFileType = file.storyboard; name = Base; path = Base.lproj/Main.storyboard; sourceTree = "<group>"; };
		325E6D5D2BEDE7D700606547 /* Assets.xcassets */ = {isa = PBXFileReference; lastKnownFileType = folder.assetcatalog; path = Assets.xcassets; sourceTree = "<group>"; };
		325E6D602BEDE7D700606547 /* Base */ = {isa = PBXFileReference; lastKnownFileType = file.storyboard; name = Base; path = Base.lproj/LaunchScreen.storyboard; sourceTree = "<group>"; };
		325E6D622BEDE7D700606547 /* Info.plist */ = {isa = PBXFileReference; lastKnownFileType = text.plist.xml; path = Info.plist; sourceTree = "<group>"; };
		325E6D742BEDEF4B00606547 /* DBModel.swift */ = {isa = PBXFileReference; lastKnownFileType = sourcecode.swift; path = DBModel.swift; sourceTree = "<group>"; };
		325E6D762BEDEF6100606547 /* AddViewController.swift */ = {isa = PBXFileReference; lastKnownFileType = sourcecode.swift; path = AddViewController.swift; sourceTree = "<group>"; };
		325E6D782BEDEF7700606547 /* DetailViewController.swift */ = {isa = PBXFileReference; lastKnownFileType = sourcecode.swift; path = DetailViewController.swift; sourceTree = "<group>"; };
		325E6D7A2BEDEF9A00606547 /* TableViewController.swift */ = {isa = PBXFileReference; lastKnownFileType = sourcecode.swift; path = TableViewController.swift; sourceTree = "<group>"; };
		325E6D7C2BEDEFA500606547 /* TableViewCell.swift */ = {isa = PBXFileReference; lastKnownFileType = sourcecode.swift; path = TableViewCell.swift; sourceTree = "<group>"; };
		325E6D7E2BEDEFBD00606547 /* QueryModel.swift */ = {isa = PBXFileReference; lastKnownFileType = sourcecode.swift; path = QueryModel.swift; sourceTree = "<group>"; };
/* End PBXFileReference section */

/* Begin PBXFrameworksBuildPhase section */
		325E6D4E2BEDE7D200606547 /* Frameworks */ = {
			isa = PBXFrameworksBuildPhase;
			buildActionMask = 2147483647;
			files = (
				325E6D6E2BEDEA0100606547 /* FirebaseDatabase in Frameworks */,
				325E6D6C2BEDEA0100606547 /* FirebaseAuth in Frameworks */,
				325E6D702BEDEA0100606547 /* FirebaseStorage in Frameworks */,
			);
			runOnlyForDeploymentPostprocessing = 0;
		};
/* End PBXFrameworksBuildPhase section */

/* Begin PBXGroup section */
		325E6D482BEDE7D200606547 = {
			isa = PBXGroup;
			children = (
				325E6D532BEDE7D200606547 /* FirebaseImage */,
				325E6D522BEDE7D200606547 /* Products */,
			);
			sourceTree = "<group>";
		};
		325E6D522BEDE7D200606547 /* Products */ = {
			isa = PBXGroup;
			children = (
				325E6D512BEDE7D200606547 /* FirebaseImage.app */,
			);
			name = Products;
			sourceTree = "<group>";
		};
		325E6D532BEDE7D200606547 /* FirebaseImage */ = {
			isa = PBXGroup;
			children = (
				325E6D732BEDEF1800606547 /* Model */,
				325E6D722BEDEF1200606547 /* View */,
				325E6D712BEDEF0B00606547 /* VM */,
				325E6D542BEDE7D200606547 /* AppDelegate.swift */,
				325E6D562BEDE7D200606547 /* SceneDelegate.swift */,
				325E6D5A2BEDE7D200606547 /* Main.storyboard */,
				325E6D5D2BEDE7D700606547 /* Assets.xcassets */,
				325E6D5F2BEDE7D700606547 /* LaunchScreen.storyboard */,
				325E6D622BEDE7D700606547 /* Info.plist */,
			);
			path = FirebaseImage;
			sourceTree = "<group>";
		};
		325E6D712BEDEF0B00606547 /* VM */ = {
			isa = PBXGroup;
			children = (
				325E6D7E2BEDEFBD00606547 /* QueryModel.swift */,
			);
			path = VM;
			sourceTree = "<group>";
		};
		325E6D722BEDEF1200606547 /* View */ = {
			isa = PBXGroup;
			children = (
				325E6D762BEDEF6100606547 /* AddViewController.swift */,
				325E6D782BEDEF7700606547 /* DetailViewController.swift */,
				325E6D7A2BEDEF9A00606547 /* TableViewController.swift */,
				325E6D7C2BEDEFA500606547 /* TableViewCell.swift */,
			);
			path = View;
			sourceTree = "<group>";
		};
		325E6D732BEDEF1800606547 /* Model */ = {
			isa = PBXGroup;
			children = (
				325E6D742BEDEF4B00606547 /* DBModel.swift */,
			);
			path = Model;
			sourceTree = "<group>";
		};
/* End PBXGroup section */

/* Begin PBXNativeTarget section */
		325E6D502BEDE7D200606547 /* FirebaseImage */ = {
			isa = PBXNativeTarget;
			buildConfigurationList = 325E6D652BEDE7D700606547 /* Build configuration list for PBXNativeTarget "FirebaseImage" */;
			buildPhases = (
				325E6D4D2BEDE7D200606547 /* Sources */,
				325E6D4E2BEDE7D200606547 /* Frameworks */,
				325E6D4F2BEDE7D200606547 /* Resources */,
			);
			buildRules = (
			);
			dependencies = (
			);
			name = FirebaseImage;
			packageProductDependencies = (
				325E6D6B2BEDEA0100606547 /* FirebaseAuth */,
				325E6D6D2BEDEA0100606547 /* FirebaseDatabase */,
				325E6D6F2BEDEA0100606547 /* FirebaseStorage */,
			);
			productName = FirebaseImage;
			productReference = 325E6D512BEDE7D200606547 /* FirebaseImage.app */;
			productType = "com.apple.product-type.application";
		};
/* End PBXNativeTarget section */

/* Begin PBXProject section */
		325E6D492BEDE7D200606547 /* Project object */ = {
			isa = PBXProject;
			attributes = {
				BuildIndependentTargetsInParallel = 1;
				LastSwiftUpdateCheck = 1430;
				LastUpgradeCheck = 1430;
				TargetAttributes = {
					325E6D502BEDE7D200606547 = {
						CreatedOnToolsVersion = 14.3;
					};
				};
			};
			buildConfigurationList = 325E6D4C2BEDE7D200606547 /* Build configuration list for PBXProject "FirebaseImage" */;
			compatibilityVersion = "Xcode 14.0";
			developmentRegion = en;
			hasScannedForEncodings = 0;
			knownRegions = (
				en,
				Base,
			);
			mainGroup = 325E6D482BEDE7D200606547;
			packageReferences = (
				325E6D6A2BEDEA0100606547 /* XCRemoteSwiftPackageReference "firebase-ios-sdk" */,
			);
			productRefGroup = 325E6D522BEDE7D200606547 /* Products */;
			projectDirPath = "";
			projectRoot = "";
			targets = (
				325E6D502BEDE7D200606547 /* FirebaseImage */,
			);
		};
/* End PBXProject section */

/* Begin PBXResourcesBuildPhase section */
		325E6D4F2BEDE7D200606547 /* Resources */ = {
			isa = PBXResourcesBuildPhase;
			buildActionMask = 2147483647;
			files = (
				325E6D612BEDE7D700606547 /* LaunchScreen.storyboard in Resources */,
				325E6D5E2BEDE7D700606547 /* Assets.xcassets in Resources */,
				325E6D5C2BEDE7D200606547 /* Main.storyboard in Resources */,
			);
			runOnlyForDeploymentPostprocessing = 0;
		};
/* End PBXResourcesBuildPhase section */

/* Begin PBXSourcesBuildPhase section */
		325E6D4D2BEDE7D200606547 /* Sources */ = {
			isa = PBXSourcesBuildPhase;
			buildActionMask = 2147483647;
			files = (
				325E6D552BEDE7D200606547 /* AppDelegate.swift in Sources */,
				325E6D7B2BEDEF9A00606547 /* TableViewController.swift in Sources */,
				325E6D7F2BEDEFBD00606547 /* QueryModel.swift in Sources */,
				325E6D572BEDE7D200606547 /* SceneDelegate.swift in Sources */,
				325E6D792BEDEF7700606547 /* DetailViewController.swift in Sources */,
				325E6D772BEDEF6100606547 /* AddViewController.swift in Sources */,
				325E6D7D2BEDEFA500606547 /* TableViewCell.swift in Sources */,
				325E6D752BEDEF4B00606547 /* DBModel.swift in Sources */,
			);
			runOnlyForDeploymentPostprocessing = 0;
		};
/* End PBXSourcesBuildPhase section */

/* Begin PBXVariantGroup section */
		325E6D5A2BEDE7D200606547 /* Main.storyboard */ = {
			isa = PBXVariantGroup;
			children = (
				325E6D5B2BEDE7D200606547 /* Base */,
			);
			name = Main.storyboard;
			sourceTree = "<group>";
		};
		325E6D5F2BEDE7D700606547 /* LaunchScreen.storyboard */ = {
			isa = PBXVariantGroup;
			children = (
				325E6D602BEDE7D700606547 /* Base */,
			);
			name = LaunchScreen.storyboard;
			sourceTree = "<group>";
		};
/* End PBXVariantGroup section */

/* Begin XCBuildConfiguration section */
		325E6D632BEDE7D700606547 /* Debug */ = {
			isa = XCBuildConfiguration;
			buildSettings = {
				ALWAYS_SEARCH_USER_PATHS = NO;
				CLANG_ANALYZER_NONNULL = YES;
				CLANG_ANALYZER_NUMBER_OBJECT_CONVERSION = YES_AGGRESSIVE;
				CLANG_CXX_LANGUAGE_STANDARD = "gnu++20";
				CLANG_ENABLE_MODULES = YES;
				CLANG_ENABLE_OBJC_ARC = YES;
				CLANG_ENABLE_OBJC_WEAK = YES;
				CLANG_WARN_BLOCK_CAPTURE_AUTORELEASING = YES;
				CLANG_WARN_BOOL_CONVERSION = YES;
				CLANG_WARN_COMMA = YES;
				CLANG_WARN_CONSTANT_CONVERSION = YES;
				CLANG_WARN_DEPRECATED_OBJC_IMPLEMENTATIONS = YES;
				CLANG_WARN_DIRECT_OBJC_ISA_USAGE = YES_ERROR;
				CLANG_WARN_DOCUMENTATION_COMMENTS = YES;
				CLANG_WARN_EMPTY_BODY = YES;
				CLANG_WARN_ENUM_CONVERSION = YES;
				CLANG_WARN_INFINITE_RECURSION = YES;
				CLANG_WARN_INT_CONVERSION = YES;
				CLANG_WARN_NON_LITERAL_NULL_CONVERSION = YES;
				CLANG_WARN_OBJC_IMPLICIT_RETAIN_SELF = YES;
				CLANG_WARN_OBJC_LITERAL_CONVERSION = YES;
				CLANG_WARN_OBJC_ROOT_CLASS = YES_ERROR;
				CLANG_WARN_QUOTED_INCLUDE_IN_FRAMEWORK_HEADER = YES;
				CLANG_WARN_RANGE_LOOP_ANALYSIS = YES;
				CLANG_WARN_STRICT_PROTOTYPES = YES;
				CLANG_WARN_SUSPICIOUS_MOVE = YES;
				CLANG_WARN_UNGUARDED_AVAILABILITY = YES_AGGRESSIVE;
				CLANG_WARN_UNREACHABLE_CODE = YES;
				CLANG_WARN__DUPLICATE_METHOD_MATCH = YES;
				COPY_PHASE_STRIP = NO;
				DEBUG_INFORMATION_FORMAT = dwarf;
				ENABLE_STRICT_OBJC_MSGSEND = YES;
				ENABLE_TESTABILITY = YES;
				GCC_C_LANGUAGE_STANDARD = gnu11;
				GCC_DYNAMIC_NO_PIC = NO;
				GCC_NO_COMMON_BLOCKS = YES;
				GCC_OPTIMIZATION_LEVEL = 0;
				GCC_PREPROCESSOR_DEFINITIONS = (
					"DEBUG=1",
					"$(inherited)",
				);
				GCC_WARN_64_TO_32_BIT_CONVERSION = YES;
				GCC_WARN_ABOUT_RETURN_TYPE = YES_ERROR;
				GCC_WARN_UNDECLARED_SELECTOR = YES;
				GCC_WARN_UNINITIALIZED_AUTOS = YES_AGGRESSIVE;
				GCC_WARN_UNUSED_FUNCTION = YES;
				GCC_WARN_UNUSED_VARIABLE = YES;
				IPHONEOS_DEPLOYMENT_TARGET = 16.4;
				MTL_ENABLE_DEBUG_INFO = INCLUDE_SOURCE;
				MTL_FAST_MATH = YES;
				ONLY_ACTIVE_ARCH = YES;
				SDKROOT = iphoneos;
				SWIFT_ACTIVE_COMPILATION_CONDITIONS = DEBUG;
				SWIFT_OPTIMIZATION_LEVEL = "-Onone";
			};
			name = Debug;
		};
		325E6D642BEDE7D700606547 /* Release */ = {
			isa = XCBuildConfiguration;
			buildSettings = {
				ALWAYS_SEARCH_USER_PATHS = NO;
				CLANG_ANALYZER_NONNULL = YES;
				CLANG_ANALYZER_NUMBER_OBJECT_CONVERSION = YES_AGGRESSIVE;
				CLANG_CXX_LANGUAGE_STANDARD = "gnu++20";
				CLANG_ENABLE_MODULES = YES;
				CLANG_ENABLE_OBJC_ARC = YES;
				CLANG_ENABLE_OBJC_WEAK = YES;
				CLANG_WARN_BLOCK_CAPTURE_AUTORELEASING = YES;
				CLANG_WARN_BOOL_CONVERSION = YES;
				CLANG_WARN_COMMA = YES;
				CLANG_WARN_CONSTANT_CONVERSION = YES;
				CLANG_WARN_DEPRECATED_OBJC_IMPLEMENTATIONS = YES;
				CLANG_WARN_DIRECT_OBJC_ISA_USAGE = YES_ERROR;
				CLANG_WARN_DOCUMENTATION_COMMENTS = YES;
				CLANG_WARN_EMPTY_BODY = YES;
				CLANG_WARN_ENUM_CONVERSION = YES;
				CLANG_WARN_INFINITE_RECURSION = YES;
				CLANG_WARN_INT_CONVERSION = YES;
				CLANG_WARN_NON_LITERAL_NULL_CONVERSION = YES;
				CLANG_WARN_OBJC_IMPLICIT_RETAIN_SELF = YES;
				CLANG_WARN_OBJC_LITERAL_CONVERSION = YES;
				CLANG_WARN_OBJC_ROOT_CLASS = YES_ERROR;
				CLANG_WARN_QUOTED_INCLUDE_IN_FRAMEWORK_HEADER = YES;
				CLANG_WARN_RANGE_LOOP_ANALYSIS = YES;
				CLANG_WARN_STRICT_PROTOTYPES = YES;
				CLANG_WARN_SUSPICIOUS_MOVE = YES;
				CLANG_WARN_UNGUARDED_AVAILABILITY = YES_AGGRESSIVE;
				CLANG_WARN_UNREACHABLE_CODE = YES;
				CLANG_WARN__DUPLICATE_METHOD_MATCH = YES;
				COPY_PHASE_STRIP = NO;
				DEBUG_INFORMATION_FORMAT = "dwarf-with-dsym";
				ENABLE_NS_ASSERTIONS = NO;
				ENABLE_STRICT_OBJC_MSGSEND = YES;
				GCC_C_LANGUAGE_STANDARD = gnu11;
				GCC_NO_COMMON_BLOCKS = YES;
				GCC_WARN_64_TO_32_BIT_CONVERSION = YES;
				GCC_WARN_ABOUT_RETURN_TYPE = YES_ERROR;
				GCC_WARN_UNDECLARED_SELECTOR = YES;
				GCC_WARN_UNINITIALIZED_AUTOS = YES_AGGRESSIVE;
				GCC_WARN_UNUSED_FUNCTION = YES;
				GCC_WARN_UNUSED_VARIABLE = YES;
				IPHONEOS_DEPLOYMENT_TARGET = 16.4;
				MTL_ENABLE_DEBUG_INFO = NO;
				MTL_FAST_MATH = YES;
				SDKROOT = iphoneos;
				SWIFT_COMPILATION_MODE = wholemodule;
				SWIFT_OPTIMIZATION_LEVEL = "-O";
				VALIDATE_PRODUCT = YES;
			};
			name = Release;
		};
		325E6D662BEDE7D700606547 /* Debug */ = {
			isa = XCBuildConfiguration;
			buildSettings = {
				ASSETCATALOG_COMPILER_APPICON_NAME = AppIcon;
				ASSETCATALOG_COMPILER_GLOBAL_ACCENT_COLOR_NAME = AccentColor;
				CODE_SIGN_STYLE = Automatic;
				CURRENT_PROJECT_VERSION = 1;
				DEVELOPMENT_TEAM = F646K8QSPF;
				GENERATE_INFOPLIST_FILE = YES;
				INFOPLIST_FILE = FirebaseImage/Info.plist;
				INFOPLIST_KEY_UIApplicationSupportsIndirectInputEvents = YES;
				INFOPLIST_KEY_UILaunchStoryboardName = LaunchScreen;
				INFOPLIST_KEY_UIMainStoryboardFile = Main;
				INFOPLIST_KEY_UISupportedInterfaceOrientations_iPad = "UIInterfaceOrientationPortrait UIInterfaceOrientationPortraitUpsideDown UIInterfaceOrientationLandscapeLeft UIInterfaceOrientationLandscapeRight";
				INFOPLIST_KEY_UISupportedInterfaceOrientations_iPhone = "UIInterfaceOrientationPortrait UIInterfaceOrientationLandscapeLeft UIInterfaceOrientationLandscapeRight";
				LD_RUNPATH_SEARCH_PATHS = (
					"$(inherited)",
					"@executable_path/Frameworks",
				);
				MARKETING_VERSION = 1.0;
				PRODUCT_BUNDLE_IDENTIFIER = com.swiftlec.FirebaseImage;
				PRODUCT_NAME = "$(TARGET_NAME)";
				SWIFT_EMIT_LOC_STRINGS = YES;
				SWIFT_VERSION = 5.0;
				TARGETED_DEVICE_FAMILY = "1,2";
			};
			name = Debug;
		};
		325E6D672BEDE7D700606547 /* Release */ = {
			isa = XCBuildConfiguration;
			buildSettings = {
				ASSETCATALOG_COMPILER_APPICON_NAME = AppIcon;
				ASSETCATALOG_COMPILER_GLOBAL_ACCENT_COLOR_NAME = AccentColor;
				CODE_SIGN_STYLE = Automatic;
				CURRENT_PROJECT_VERSION = 1;
				DEVELOPMENT_TEAM = F646K8QSPF;
				GENERATE_INFOPLIST_FILE = YES;
				INFOPLIST_FILE = FirebaseImage/Info.plist;
				INFOPLIST_KEY_UIApplicationSupportsIndirectInputEvents = YES;
				INFOPLIST_KEY_UILaunchStoryboardName = LaunchScreen;
				INFOPLIST_KEY_UIMainStoryboardFile = Main;
				INFOPLIST_KEY_UISupportedInterfaceOrientations_iPad = "UIInterfaceOrientationPortrait UIInterfaceOrientationPortraitUpsideDown UIInterfaceOrientationLandscapeLeft UIInterfaceOrientationLandscapeRight";
				INFOPLIST_KEY_UISupportedInterfaceOrientations_iPhone = "UIInterfaceOrientationPortrait UIInterfaceOrientationLandscapeLeft UIInterfaceOrientationLandscapeRight";
				LD_RUNPATH_SEARCH_PATHS = (
					"$(inherited)",
					"@executable_path/Frameworks",
				);
				MARKETING_VERSION = 1.0;
				PRODUCT_BUNDLE_IDENTIFIER = com.swiftlec.FirebaseImage;
				PRODUCT_NAME = "$(TARGET_NAME)";
				SWIFT_EMIT_LOC_STRINGS = YES;
				SWIFT_VERSION = 5.0;
				TARGETED_DEVICE_FAMILY = "1,2";
			};
			name = Release;
		};
/* End XCBuildConfiguration section */

/* Begin XCConfigurationList section */
		325E6D4C2BEDE7D200606547 /* Build configuration list for PBXProject "FirebaseImage" */ = {
			isa = XCConfigurationList;
			buildConfigurations = (
				325E6D632BEDE7D700606547 /* Debug */,
				325E6D642BEDE7D700606547 /* Release */,
			);
			defaultConfigurationIsVisible = 0;
			defaultConfigurationName = Release;
		};
		325E6D652BEDE7D700606547 /* Build configuration list for PBXNativeTarget "FirebaseImage" */ = {
			isa = XCConfigurationList;
			buildConfigurations = (
				325E6D662BEDE7D700606547 /* Debug */,
				325E6D672BEDE7D700606547 /* Release */,
			);
			defaultConfigurationIsVisible = 0;
			defaultConfigurationName = Release;
		};
/* End XCConfigurationList section */

/* Begin XCRemoteSwiftPackageReference section */
		325E6D6A2BEDEA0100606547 /* XCRemoteSwiftPackageReference "firebase-ios-sdk" */ = {
			isa = XCRemoteSwiftPackageReference;
			repositoryURL = "https://github.com/firebase/firebase-ios-sdk";
			requirement = {
				kind = upToNextMajorVersion;
				minimumVersion = 10.0.0;
			};
		};
/* End XCRemoteSwiftPackageReference section */

/* Begin XCSwiftPackageProductDependency section */
		325E6D6B2BEDEA0100606547 /* FirebaseAuth */ = {
			isa = XCSwiftPackageProductDependency;
			package = 325E6D6A2BEDEA0100606547 /* XCRemoteSwiftPackageReference "firebase-ios-sdk" */;
			productName = FirebaseAuth;
		};
		325E6D6D2BEDEA0100606547 /* FirebaseDatabase */ = {
			isa = XCSwiftPackageProductDependency;
			package = 325E6D6A2BEDEA0100606547 /* XCRemoteSwiftPackageReference "firebase-ios-sdk" */;
			productName = FirebaseDatabase;
		};
		325E6D6F2BEDEA0100606547 /* FirebaseStorage */ = {
			isa = XCSwiftPackageProductDependency;
			package = 325E6D6A2BEDEA0100606547 /* XCRemoteSwiftPackageReference "firebase-ios-sdk" */;
			productName = FirebaseStorage;
		};
/* End XCSwiftPackageProductDependency section */
	};
	rootObject = 325E6D492BEDE7D200606547 /* Project object */;
}
