// !$*UTF8*$!
{
	archiveVersion = 1;
	classes = {
	};
	objectVersion = 56;
	objects = {

/* Begin PBXBuildFile section */
		32AD2E182BE4AD69004C20F1 /* AppDelegate.swift in Sources */ = {isa = PBXBuildFile; fileRef = 32AD2E172BE4AD69004C20F1 /* AppDelegate.swift */; };
		32AD2E1A2BE4AD69004C20F1 /* SceneDelegate.swift in Sources */ = {isa = PBXBuildFile; fileRef = 32AD2E192BE4AD69004C20F1 /* SceneDelegate.swift */; };
		32AD2E1C2BE4AD69004C20F1 /* ViewController.swift in Sources */ = {isa = PBXBuildFile; fileRef = 32AD2E1B2BE4AD69004C20F1 /* ViewController.swift */; };
		32AD2E1F2BE4AD69004C20F1 /* Main.storyboard in Resources */ = {isa = PBXBuildFile; fileRef = 32AD2E1D2BE4AD69004C20F1 /* Main.storyboard */; };
		32AD2E212BE4AD6C004C20F1 /* Assets.xcassets in Resources */ = {isa = PBXBuildFile; fileRef = 32AD2E202BE4AD6C004C20F1 /* Assets.xcassets */; };
		32AD2E242BE4AD6C004C20F1 /* LaunchScreen.storyboard in Resources */ = {isa = PBXBuildFile; fileRef = 32AD2E222BE4AD6C004C20F1 /* LaunchScreen.storyboard */; };
		32AD2E2C2BE4AEF0004C20F1 /* model.swift in Sources */ = {isa = PBXBuildFile; fileRef = 32AD2E2B2BE4AEF0004C20F1 /* model.swift */; };
		32AD2E2E2BE4B094004C20F1 /* DetailViewController.swift in Sources */ = {isa = PBXBuildFile; fileRef = 32AD2E2D2BE4B094004C20F1 /* DetailViewController.swift */; };
		32AD2E302BE4B0F8004C20F1 /* CollectionViewCell.swift in Sources */ = {isa = PBXBuildFile; fileRef = 32AD2E2F2BE4B0F8004C20F1 /* CollectionViewCell.swift */; };
/* End PBXBuildFile section */

/* Begin PBXFileReference section */
		32AD2E142BE4AD69004C20F1 /* CollectionView_Multi_Quiz.app */ = {isa = PBXFileReference; explicitFileType = wrapper.application; includeInIndex = 0; path = CollectionView_Multi_Quiz.app; sourceTree = BUILT_PRODUCTS_DIR; };
		32AD2E172BE4AD69004C20F1 /* AppDelegate.swift */ = {isa = PBXFileReference; lastKnownFileType = sourcecode.swift; path = AppDelegate.swift; sourceTree = "<group>"; };
		32AD2E192BE4AD69004C20F1 /* SceneDelegate.swift */ = {isa = PBXFileReference; lastKnownFileType = sourcecode.swift; path = SceneDelegate.swift; sourceTree = "<group>"; };
		32AD2E1B2BE4AD69004C20F1 /* ViewController.swift */ = {isa = PBXFileReference; lastKnownFileType = sourcecode.swift; path = ViewController.swift; sourceTree = "<group>"; };
		32AD2E1E2BE4AD69004C20F1 /* Base */ = {isa = PBXFileReference; lastKnownFileType = file.storyboard; name = Base; path = Base.lproj/Main.storyboard; sourceTree = "<group>"; };
		32AD2E202BE4AD6C004C20F1 /* Assets.xcassets */ = {isa = PBXFileReference; lastKnownFileType = folder.assetcatalog; path = Assets.xcassets; sourceTree = "<group>"; };
		32AD2E232BE4AD6C004C20F1 /* Base */ = {isa = PBXFileReference; lastKnownFileType = file.storyboard; name = Base; path = Base.lproj/LaunchScreen.storyboard; sourceTree = "<group>"; };
		32AD2E252BE4AD6C004C20F1 /* Info.plist */ = {isa = PBXFileReference; lastKnownFileType = text.plist.xml; path = Info.plist; sourceTree = "<group>"; };
		32AD2E2B2BE4AEF0004C20F1 /* model.swift */ = {isa = PBXFileReference; lastKnownFileType = sourcecode.swift; path = model.swift; sourceTree = "<group>"; };
		32AD2E2D2BE4B094004C20F1 /* DetailViewController.swift */ = {isa = PBXFileReference; lastKnownFileType = sourcecode.swift; path = DetailViewController.swift; sourceTree = "<group>"; };
		32AD2E2F2BE4B0F8004C20F1 /* CollectionViewCell.swift */ = {isa = PBXFileReference; lastKnownFileType = sourcecode.swift; path = CollectionViewCell.swift; sourceTree = "<group>"; };
/* End PBXFileReference section */

/* Begin PBXFrameworksBuildPhase section */
		32AD2E112BE4AD69004C20F1 /* Frameworks */ = {
			isa = PBXFrameworksBuildPhase;
			buildActionMask = 2147483647;
			files = (
			);
			runOnlyForDeploymentPostprocessing = 0;
		};
/* End PBXFrameworksBuildPhase section */

/* Begin PBXGroup section */
		32AD2E0B2BE4AD69004C20F1 = {
			isa = PBXGroup;
			children = (
				32AD2E162BE4AD69004C20F1 /* CollectionView_Multi_Quiz */,
				32AD2E152BE4AD69004C20F1 /* Products */,
			);
			sourceTree = "<group>";
		};
		32AD2E152BE4AD69004C20F1 /* Products */ = {
			isa = PBXGroup;
			children = (
				32AD2E142BE4AD69004C20F1 /* CollectionView_Multi_Quiz.app */,
			);
			name = Products;
			sourceTree = "<group>";
		};
		32AD2E162BE4AD69004C20F1 /* CollectionView_Multi_Quiz */ = {
			isa = PBXGroup;
			children = (
				32AD2E172BE4AD69004C20F1 /* AppDelegate.swift */,
				32AD2E192BE4AD69004C20F1 /* SceneDelegate.swift */,
				32AD2E1B2BE4AD69004C20F1 /* ViewController.swift */,
				32AD2E1D2BE4AD69004C20F1 /* Main.storyboard */,
				32AD2E202BE4AD6C004C20F1 /* Assets.xcassets */,
				32AD2E222BE4AD6C004C20F1 /* LaunchScreen.storyboard */,
				32AD2E252BE4AD6C004C20F1 /* Info.plist */,
				32AD2E2B2BE4AEF0004C20F1 /* model.swift */,
				32AD2E2D2BE4B094004C20F1 /* DetailViewController.swift */,
				32AD2E2F2BE4B0F8004C20F1 /* CollectionViewCell.swift */,
			);
			path = CollectionView_Multi_Quiz;
			sourceTree = "<group>";
		};
/* End PBXGroup section */

/* Begin PBXNativeTarget section */
		32AD2E132BE4AD69004C20F1 /* CollectionView_Multi_Quiz */ = {
			isa = PBXNativeTarget;
			buildConfigurationList = 32AD2E282BE4AD6C004C20F1 /* Build configuration list for PBXNativeTarget "CollectionView_Multi_Quiz" */;
			buildPhases = (
				32AD2E102BE4AD69004C20F1 /* Sources */,
				32AD2E112BE4AD69004C20F1 /* Frameworks */,
				32AD2E122BE4AD69004C20F1 /* Resources */,
			);
			buildRules = (
			);
			dependencies = (
			);
			name = CollectionView_Multi_Quiz;
			productName = CollectionView_Multi_Quiz;
			productReference = 32AD2E142BE4AD69004C20F1 /* CollectionView_Multi_Quiz.app */;
			productType = "com.apple.product-type.application";
		};
/* End PBXNativeTarget section */

/* Begin PBXProject section */
		32AD2E0C2BE4AD69004C20F1 /* Project object */ = {
			isa = PBXProject;
			attributes = {
				BuildIndependentTargetsInParallel = 1;
				LastSwiftUpdateCheck = 1430;
				LastUpgradeCheck = 1430;
				TargetAttributes = {
					32AD2E132BE4AD69004C20F1 = {
						CreatedOnToolsVersion = 14.3;
					};
				};
			};
			buildConfigurationList = 32AD2E0F2BE4AD69004C20F1 /* Build configuration list for PBXProject "CollectionView_Multi_Quiz" */;
			compatibilityVersion = "Xcode 14.0";
			developmentRegion = en;
			hasScannedForEncodings = 0;
			knownRegions = (
				en,
				Base,
			);
			mainGroup = 32AD2E0B2BE4AD69004C20F1;
			productRefGroup = 32AD2E152BE4AD69004C20F1 /* Products */;
			projectDirPath = "";
			projectRoot = "";
			targets = (
				32AD2E132BE4AD69004C20F1 /* CollectionView_Multi_Quiz */,
			);
		};
/* End PBXProject section */

/* Begin PBXResourcesBuildPhase section */
		32AD2E122BE4AD69004C20F1 /* Resources */ = {
			isa = PBXResourcesBuildPhase;
			buildActionMask = 2147483647;
			files = (
				32AD2E242BE4AD6C004C20F1 /* LaunchScreen.storyboard in Resources */,
				32AD2E212BE4AD6C004C20F1 /* Assets.xcassets in Resources */,
				32AD2E1F2BE4AD69004C20F1 /* Main.storyboard in Resources */,
			);
			runOnlyForDeploymentPostprocessing = 0;
		};
/* End PBXResourcesBuildPhase section */

/* Begin PBXSourcesBuildPhase section */
		32AD2E102BE4AD69004C20F1 /* Sources */ = {
			isa = PBXSourcesBuildPhase;
			buildActionMask = 2147483647;
			files = (
				32AD2E1C2BE4AD69004C20F1 /* ViewController.swift in Sources */,
				32AD2E182BE4AD69004C20F1 /* AppDelegate.swift in Sources */,
				32AD2E302BE4B0F8004C20F1 /* CollectionViewCell.swift in Sources */,
				32AD2E2E2BE4B094004C20F1 /* DetailViewController.swift in Sources */,
				32AD2E1A2BE4AD69004C20F1 /* SceneDelegate.swift in Sources */,
				32AD2E2C2BE4AEF0004C20F1 /* model.swift in Sources */,
			);
			runOnlyForDeploymentPostprocessing = 0;
		};
/* End PBXSourcesBuildPhase section */

/* Begin PBXVariantGroup section */
		32AD2E1D2BE4AD69004C20F1 /* Main.storyboard */ = {
			isa = PBXVariantGroup;
			children = (
				32AD2E1E2BE4AD69004C20F1 /* Base */,
			);
			name = Main.storyboard;
			sourceTree = "<group>";
		};
		32AD2E222BE4AD6C004C20F1 /* LaunchScreen.storyboard */ = {
			isa = PBXVariantGroup;
			children = (
				32AD2E232BE4AD6C004C20F1 /* Base */,
			);
			name = LaunchScreen.storyboard;
			sourceTree = "<group>";
		};
/* End PBXVariantGroup section */

/* Begin XCBuildConfiguration section */
		32AD2E262BE4AD6C004C20F1 /* Debug */ = {
			isa = XCBuildConfiguration;
			buildSettings = {
				ALWAYS_SEARCH_USER_PATHS = NO;
				CLANG_ANALYZER_NONNULL = YES;
				CLANG_ANALYZER_NUMBER_OBJECT_CONVERSION = YES_AGGRESSIVE;
				CLANG_CXX_LANGUAGE_STANDARD = "gnu++20";
				CLANG_ENABLE_MODULES = YES;
				CLANG_ENABLE_OBJC_ARC = YES;
				CLANG_ENABLE_OBJC_WEAK = YES;
				CLANG_WARN_BLOCK_CAPTURE_AUTORELEASING = YES;
				CLANG_WARN_BOOL_CONVERSION = YES;
				CLANG_WARN_COMMA = YES;
				CLANG_WARN_CONSTANT_CONVERSION = YES;
				CLANG_WARN_DEPRECATED_OBJC_IMPLEMENTATIONS = YES;
				CLANG_WARN_DIRECT_OBJC_ISA_USAGE = YES_ERROR;
				CLANG_WARN_DOCUMENTATION_COMMENTS = YES;
				CLANG_WARN_EMPTY_BODY = YES;
				CLANG_WARN_ENUM_CONVERSION = YES;
				CLANG_WARN_INFINITE_RECURSION = YES;
				CLANG_WARN_INT_CONVERSION = YES;
				CLANG_WARN_NON_LITERAL_NULL_CONVERSION = YES;
				CLANG_WARN_OBJC_IMPLICIT_RETAIN_SELF = YES;
				CLANG_WARN_OBJC_LITERAL_CONVERSION = YES;
				CLANG_WARN_OBJC_ROOT_CLASS = YES_ERROR;
				CLANG_WARN_QUOTED_INCLUDE_IN_FRAMEWORK_HEADER = YES;
				CLANG_WARN_RANGE_LOOP_ANALYSIS = YES;
				CLANG_WARN_STRICT_PROTOTYPES = YES;
				CLANG_WARN_SUSPICIOUS_MOVE = YES;
				CLANG_WARN_UNGUARDED_AVAILABILITY = YES_AGGRESSIVE;
				CLANG_WARN_UNREACHABLE_CODE = YES;
				CLANG_WARN__DUPLICATE_METHOD_MATCH = YES;
				COPY_PHASE_STRIP = NO;
				DEBUG_INFORMATION_FORMAT = dwarf;
				ENABLE_STRICT_OBJC_MSGSEND = YES;
				ENABLE_TESTABILITY = YES;
				GCC_C_LANGUAGE_STANDARD = gnu11;
				GCC_DYNAMIC_NO_PIC = NO;
				GCC_NO_COMMON_BLOCKS = YES;
				GCC_OPTIMIZATION_LEVEL = 0;
				GCC_PREPROCESSOR_DEFINITIONS = (
					"DEBUG=1",
					"$(inherited)",
				);
				GCC_WARN_64_TO_32_BIT_CONVERSION = YES;
				GCC_WARN_ABOUT_RETURN_TYPE = YES_ERROR;
				GCC_WARN_UNDECLARED_SELECTOR = YES;
				GCC_WARN_UNINITIALIZED_AUTOS = YES_AGGRESSIVE;
				GCC_WARN_UNUSED_FUNCTION = YES;
				GCC_WARN_UNUSED_VARIABLE = YES;
				IPHONEOS_DEPLOYMENT_TARGET = 16.4;
				MTL_ENABLE_DEBUG_INFO = INCLUDE_SOURCE;
				MTL_FAST_MATH = YES;
				ONLY_ACTIVE_ARCH = YES;
				SDKROOT = iphoneos;
				SWIFT_ACTIVE_COMPILATION_CONDITIONS = DEBUG;
				SWIFT_OPTIMIZATION_LEVEL = "-Onone";
			};
			name = Debug;
		};
		32AD2E272BE4AD6C004C20F1 /* Release */ = {
			isa = XCBuildConfiguration;
			buildSettings = {
				ALWAYS_SEARCH_USER_PATHS = NO;
				CLANG_ANALYZER_NONNULL = YES;
				CLANG_ANALYZER_NUMBER_OBJECT_CONVERSION = YES_AGGRESSIVE;
				CLANG_CXX_LANGUAGE_STANDARD = "gnu++20";
				CLANG_ENABLE_MODULES = YES;
				CLANG_ENABLE_OBJC_ARC = YES;
				CLANG_ENABLE_OBJC_WEAK = YES;
				CLANG_WARN_BLOCK_CAPTURE_AUTORELEASING = YES;
				CLANG_WARN_BOOL_CONVERSION = YES;
				CLANG_WARN_COMMA = YES;
				CLANG_WARN_CONSTANT_CONVERSION = YES;
				CLANG_WARN_DEPRECATED_OBJC_IMPLEMENTATIONS = YES;
				CLANG_WARN_DIRECT_OBJC_ISA_USAGE = YES_ERROR;
				CLANG_WARN_DOCUMENTATION_COMMENTS = YES;
				CLANG_WARN_EMPTY_BODY = YES;
				CLANG_WARN_ENUM_CONVERSION = YES;
				CLANG_WARN_INFINITE_RECURSION = YES;
				CLANG_WARN_INT_CONVERSION = YES;
				CLANG_WARN_NON_LITERAL_NULL_CONVERSION = YES;
				CLANG_WARN_OBJC_IMPLICIT_RETAIN_SELF = YES;
				CLANG_WARN_OBJC_LITERAL_CONVERSION = YES;
				CLANG_WARN_OBJC_ROOT_CLASS = YES_ERROR;
				CLANG_WARN_QUOTED_INCLUDE_IN_FRAMEWORK_HEADER = YES;
				CLANG_WARN_RANGE_LOOP_ANALYSIS = YES;
				CLANG_WARN_STRICT_PROTOTYPES = YES;
				CLANG_WARN_SUSPICIOUS_MOVE = YES;
				CLANG_WARN_UNGUARDED_AVAILABILITY = YES_AGGRESSIVE;
				CLANG_WARN_UNREACHABLE_CODE = YES;
				CLANG_WARN__DUPLICATE_METHOD_MATCH = YES;
				COPY_PHASE_STRIP = NO;
				DEBUG_INFORMATION_FORMAT = "dwarf-with-dsym";
				ENABLE_NS_ASSERTIONS = NO;
				ENABLE_STRICT_OBJC_MSGSEND = YES;
				GCC_C_LANGUAGE_STANDARD = gnu11;
				GCC_NO_COMMON_BLOCKS = YES;
				GCC_WARN_64_TO_32_BIT_CONVERSION = YES;
				GCC_WARN_ABOUT_RETURN_TYPE = YES_ERROR;
				GCC_WARN_UNDECLARED_SELECTOR = YES;
				GCC_WARN_UNINITIALIZED_AUTOS = YES_AGGRESSIVE;
				GCC_WARN_UNUSED_FUNCTION = YES;
				GCC_WARN_UNUSED_VARIABLE = YES;
				IPHONEOS_DEPLOYMENT_TARGET = 16.4;
				MTL_ENABLE_DEBUG_INFO = NO;
				MTL_FAST_MATH = YES;
				SDKROOT = iphoneos;
				SWIFT_COMPILATION_MODE = wholemodule;
				SWIFT_OPTIMIZATION_LEVEL = "-O";
				VALIDATE_PRODUCT = YES;
			};
			name = Release;
		};
		32AD2E292BE4AD6C004C20F1 /* Debug */ = {
			isa = XCBuildConfiguration;
			buildSettings = {
				ASSETCATALOG_COMPILER_APPICON_NAME = AppIcon;
				ASSETCATALOG_COMPILER_GLOBAL_ACCENT_COLOR_NAME = AccentColor;
				CODE_SIGN_STYLE = Automatic;
				CURRENT_PROJECT_VERSION = 1;
				DEVELOPMENT_TEAM = F646K8QSPF;
				GENERATE_INFOPLIST_FILE = YES;
				INFOPLIST_FILE = CollectionView_Multi_Quiz/Info.plist;
				INFOPLIST_KEY_UIApplicationSupportsIndirectInputEvents = YES;
				INFOPLIST_KEY_UILaunchStoryboardName = LaunchScreen;
				INFOPLIST_KEY_UIMainStoryboardFile = Main;
				INFOPLIST_KEY_UISupportedInterfaceOrientations_iPad = "UIInterfaceOrientationPortrait UIInterfaceOrientationPortraitUpsideDown UIInterfaceOrientationLandscapeLeft UIInterfaceOrientationLandscapeRight";
				INFOPLIST_KEY_UISupportedInterfaceOrientations_iPhone = "UIInterfaceOrientationPortrait UIInterfaceOrientationLandscapeLeft UIInterfaceOrientationLandscapeRight";
				LD_RUNPATH_SEARCH_PATHS = (
					"$(inherited)",
					"@executable_path/Frameworks",
				);
				MARKETING_VERSION = 1.0;
				PRODUCT_BUNDLE_IDENTIFIER = "com.swiftlec.CollectionView-Multi-Quiz";
				PRODUCT_NAME = "$(TARGET_NAME)";
				SWIFT_EMIT_LOC_STRINGS = YES;
				SWIFT_VERSION = 5.0;
				TARGETED_DEVICE_FAMILY = "1,2";
			};
			name = Debug;
		};
		32AD2E2A2BE4AD6C004C20F1 /* Release */ = {
			isa = XCBuildConfiguration;
			buildSettings = {
				ASSETCATALOG_COMPILER_APPICON_NAME = AppIcon;
				ASSETCATALOG_COMPILER_GLOBAL_ACCENT_COLOR_NAME = AccentColor;
				CODE_SIGN_STYLE = Automatic;
				CURRENT_PROJECT_VERSION = 1;
				DEVELOPMENT_TEAM = F646K8QSPF;
				GENERATE_INFOPLIST_FILE = YES;
				INFOPLIST_FILE = CollectionView_Multi_Quiz/Info.plist;
				INFOPLIST_KEY_UIApplicationSupportsIndirectInputEvents = YES;
				INFOPLIST_KEY_UILaunchStoryboardName = LaunchScreen;
				INFOPLIST_KEY_UIMainStoryboardFile = Main;
				INFOPLIST_KEY_UISupportedInterfaceOrientations_iPad = "UIInterfaceOrientationPortrait UIInterfaceOrientationPortraitUpsideDown UIInterfaceOrientationLandscapeLeft UIInterfaceOrientationLandscapeRight";
				INFOPLIST_KEY_UISupportedInterfaceOrientations_iPhone = "UIInterfaceOrientationPortrait UIInterfaceOrientationLandscapeLeft UIInterfaceOrientationLandscapeRight";
				LD_RUNPATH_SEARCH_PATHS = (
					"$(inherited)",
					"@executable_path/Frameworks",
				);
				MARKETING_VERSION = 1.0;
				PRODUCT_BUNDLE_IDENTIFIER = "com.swiftlec.CollectionView-Multi-Quiz";
				PRODUCT_NAME = "$(TARGET_NAME)";
				SWIFT_EMIT_LOC_STRINGS = YES;
				SWIFT_VERSION = 5.0;
				TARGETED_DEVICE_FAMILY = "1,2";
			};
			name = Release;
		};
/* End XCBuildConfiguration section */

/* Begin XCConfigurationList section */
		32AD2E0F2BE4AD69004C20F1 /* Build configuration list for PBXProject "CollectionView_Multi_Quiz" */ = {
			isa = XCConfigurationList;
			buildConfigurations = (
				32AD2E262BE4AD6C004C20F1 /* Debug */,
				32AD2E272BE4AD6C004C20F1 /* Release */,
			);
			defaultConfigurationIsVisible = 0;
			defaultConfigurationName = Release;
		};
		32AD2E282BE4AD6C004C20F1 /* Build configuration list for PBXNativeTarget "CollectionView_Multi_Quiz" */ = {
			isa = XCConfigurationList;
			buildConfigurations = (
				32AD2E292BE4AD6C004C20F1 /* Debug */,
				32AD2E2A2BE4AD6C004C20F1 /* Release */,
			);
			defaultConfigurationIsVisible = 0;
			defaultConfigurationName = Release;
		};
/* End XCConfigurationList section */
	};
	rootObject = 32AD2E0C2BE4AD69004C20F1 /* Project object */;
}
